
Microsoft Visual Studio Solution File, Format Version 12.00
# Visual Studio Version 17
VisualStudioVersion = 17.9.34701.34
MinimumVisualStudioVersion = 10.0.40219.1
Project("{FAE04EC0-301F-11D3-BF4B-00C04F79EFBC}") = "IdentityService.API", "IdentityService\IdentityService.API.csproj", "{13534A6E-4CE6-4319-B8BF-12B777AA9D8E}"
EndProject
Project("{FAE04EC0-301F-11D3-BF4B-00C04F79EFBC}") = "IdentityService.Application", "IdentityService.Application\IdentityService.Application.csproj", "{B5C6EAEF-06AF-42EA-AB23-3C7AE3C63F84}"
EndProject
Project("{FAE04EC0-301F-11D3-BF4B-00C04F79EFBC}") = "IdentityService.Domain", "IdentityService.Domain\IdentityService.Domain.csproj", "{30F11D41-A22E-4744-8006-989D1FC446A1}"
EndProject
Project("{FAE04EC0-301F-11D3-BF4B-00C04F79EFBC}") = "IdentutiService.Infrastructure", "IdentutiService.Infrastructure\IdentutiService.Infrastructure.csproj", "{F9A24207-5371-43F0-88A1-4D5D0E74CEEC}"
EndProject
Global
	GlobalSection(SolutionConfigurationPlatforms) = preSolution
		Debug|Any CPU = Debug|Any CPU
		Release|Any CPU = Release|Any CPU
	EndGlobalSection
	GlobalSection(ProjectConfigurationPlatforms) = postSolution
		{13534A6E-4CE6-4319-B8BF-12B777AA9D8E}.Debug|Any CPU.ActiveCfg = Debug|Any CPU
		{13534A6E-4CE6-4319-B8BF-12B777AA9D8E}.Debug|Any CPU.Build.0 = Debug|Any CPU
		{13534A6E-4CE6-4319-B8BF-12B777AA9D8E}.Release|Any CPU.ActiveCfg = Release|Any CPU
		{13534A6E-4CE6-4319-B8BF-12B777AA9D8E}.Release|Any CPU.Build.0 = Release|Any CPU
		{B5C6EAEF-06AF-42EA-AB23-3C7AE3C63F84}.Debug|Any CPU.ActiveCfg = Debug|Any CPU
		{B5C6EAEF-06AF-42EA-AB23-3C7AE3C63F84}.Debug|Any CPU.Build.0 = Debug|Any CPU
		{B5C6EAEF-06AF-42EA-AB23-3C7AE3C63F84}.Release|Any CPU.ActiveCfg = Release|Any CPU
		{B5C6EAEF-06AF-42EA-AB23-3C7AE3C63F84}.Release|Any CPU.Build.0 = Release|Any CPU
		{30F11D41-A22E-4744-8006-989D1FC446A1}.Debug|Any CPU.ActiveCfg = Debug|Any CPU
		{30F11D41-A22E-4744-8006-989D1FC446A1}.Debug|Any CPU.Build.0 = Debug|Any CPU
		{30F11D41-A22E-4744-8006-989D1FC446A1}.Release|Any CPU.ActiveCfg = Release|Any CPU
		{30F11D41-A22E-4744-8006-989D1FC446A1}.Release|Any CPU.Build.0 = Release|Any CPU
		{F9A24207-5371-43F0-88A1-4D5D0E74CEEC}.Debug|Any CPU.ActiveCfg = Debug|Any CPU
		{F9A24207-5371-43F0-88A1-4D5D0E74CEEC}.Debug|Any CPU.Build.0 = Debug|Any CPU
		{F9A24207-5371-43F0-88A1-4D5D0E74CEEC}.Release|Any CPU.ActiveCfg = Release|Any CPU
		{F9A24207-5371-43F0-88A1-4D5D0E74CEEC}.Release|Any CPU.Build.0 = Release|Any CPU
	EndGlobalSection
	GlobalSection(SolutionProperties) = preSolution
		HideSolutionNode = FALSE
	EndGlobalSection
	GlobalSection(ExtensibilityGlobals) = postSolution
		SolutionGuid = {29D898AD-B835-47F9-9375-5D1394BDF7E1}
	EndGlobalSection
EndGlobal
